{
  "version": 1,
  "dependencies": {
    "net9.0": {
      "coverlet.collector": {
        "type": "Direct",
        "requested": "[6.0.4, )",
        "resolved": "6.0.4",
        "contentHash": "lkhqpF8Pu2Y7IiN7OntbsTtdbpR1syMsm2F3IgX6ootA4ffRqWL5jF7XipHuZQTdVuWG/gVAAcf8mjk8Tz0xPg=="
      },
      "Microsoft.NET.ILLink.Tasks": {
        "type": "Direct",
        "requested": "[9.0.13, )",
        "resolved": "9.0.13",
        "contentHash": "f7t15I9ZXV7fNk3FIzPAlkJNG1A1tkSeDpRh+TFWEToGGqA+uj6uqU15I8YOkkYICNY2tqOVm2CMe6ScPFPwEg=="
      },
      "Microsoft.NET.Test.Sdk": {
        "type": "Direct",
        "requested": "[18.3.0, )",
        "resolved": "18.3.0",
        "contentHash": "xW3kXuWRQtgoxJp4J+gdhHSQyK+6Wb/AZDSd7lMvuMRYlZ1tnpkojyfZlWilB5G4dmZ0Y0ZxU/M23TlubndNkw==",
        "dependencies": {
          "Microsoft.CodeCoverage": "18.3.0",
          "Microsoft.TestPlatform.TestHost": "18.3.0"
        }
      },
      "Microsoft.SourceLink.GitHub": {
        "type": "Direct",
        "requested": "[10.0.103, )",
        "resolved": "10.0.103",
        "contentHash": "qZk7r40ftpZY+/sO019sgWAWfNqC2CLSspDdAxNYCJU/bCi/8jVwvOMjzb/d5gjCRNzQ4OCYgBfhdpQyVwLTyw==",
        "dependencies": {
          "Microsoft.Build.Tasks.Git": "10.0.103",
          "Microsoft.SourceLink.Common": "10.0.103"
        }
      },
      "MinVer": {
        "type": "Direct",
        "requested": "[7.0.0, )",
        "resolved": "7.0.0",
        "contentHash": "2lMTCQl5bGP4iv0JNkockPnyllC6eHLz+CoK2ICvalvHod+exXSxueu9hq+zNkU7bZBJf8wMfeRC/Edn8AGmEg=="
      },
      "xunit": {
        "type": "Direct",
        "requested": "[2.9.3, )",
        "resolved": "2.9.3",
        "contentHash": "TlXQBinK35LpOPKHAqbLY4xlEen9TBafjs0V5KnA4wZsoQLQJiirCR4CbIXvOH8NzkW4YeJKP5P/Bnrodm0h9Q==",
        "dependencies": {
          "xunit.analyzers": "1.18.0",
          "xunit.assert": "2.9.3",
          "xunit.core": "[2.9.3]"
        }
      },
      "xunit.analyzers": {
        "type": "Direct",
        "requested": "[1.27.0, )",
        "resolved": "1.27.0",
        "contentHash": "y/pxIQaLvk/kxAoDkZW9GnHLCEqzwl5TW0vtX3pweyQpjizB9y3DXhb9pkw2dGeUqhLjsxvvJM1k89JowU6z3g=="
      },
      "xunit.runner.console": {
        "type": "Direct",
        "requested": "[2.9.3, )",
        "resolved": "2.9.3",
        "contentHash": "und5dhnsamWN02uVAJeORz4Ny2FK5pxVuchFa416pI7y8rjZxfuiSrvZRUFHNVIVtT7cibOm66bsZHLw5jSSkw=="
      },
      "xunit.runner.visualstudio": {
        "type": "Direct",
        "requested": "[3.1.5, )",
        "resolved": "3.1.5",
        "contentHash": "tKi7dSTwP4m5m9eXPM2Ime4Kn7xNf4x4zT9sdLO/G4hZVnQCRiMTWoSZqI/pYTVeI27oPPqHBKYI/DjJ9GsYgA=="
      },
      "Microsoft.Build.Tasks.Git": {
        "type": "Transitive",
        "resolved": "10.0.103",
        "contentHash": "QoiCMcPuxC6eqRQmrmF9zBY96ejIznXtve/lJJbonGD9I5Aygf2AUCOWslGiCEtBbfWRSuUnepBjuuVOdAl5ag=="
      },
      "Microsoft.CodeCoverage": {
        "type": "Transitive",
        "resolved": "18.3.0",
        "contentHash": "23BNy/vziREC20Wwhb50K7+kZe0m07KlLWDQv4qjJ9tt3QjpDpDIqJFrhYHmMEo9xDkuSp55U/8h4bMF7MiB+g=="
      },
      "Microsoft.Extensions.Configuration": {
        "type": "Transitive",
        "resolved": "9.0.13",
        "contentHash": "TCb80iQBEl9EroUQYZzsw2PqUr4A9OM1hU8mZzJdV9mwHhTcPvruDk9UroOxad1EF7d6LLlTCU1Ce/qMY/qLmQ==",
        "dependencies": {
          "Microsoft.Extensions.Configuration.Abstractions": "9.0.13",
          "Microsoft.Extensions.Primitives": "9.0.13"
        }
      },
      "Microsoft.Extensions.Configuration.Abstractions": {
        "type": "Transitive",
        "resolved": "9.0.13",
        "contentHash": "N4ITL03t39KKgF4Q0lr3yoOkZHLjuRPXalP6+QPDe2VipcbCq5Ml1ZpXeHo8I3mquoAPOT5lSP6LvRKUBn1Ayw==",
        "dependencies": {
          "Microsoft.Extensions.Primitives": "9.0.13"
        }
      },
      "Microsoft.Extensions.Configuration.Binder": {
        "type": "Transitive",
        "resolved": "9.0.13",
        "contentHash": "/jrfN7P78gMC1CJwGMYDuB0l3ZiFiaRh6/p8IbABYcBtdYhVL8hi6rHwPZaXut2vBXE9U2GGQkfpKxe6MK8OyQ==",
        "dependencies": {
          "Microsoft.Extensions.Configuration.Abstractions": "9.0.13"
        }
      },
      "Microsoft.Extensions.DependencyInjection": {
        "type": "Transitive",
        "resolved": "9.0.13",
        "contentHash": "TCQIbp1WXPir6PlhXn4N4wc84rA0LEHAYdbJdBOnO2LClzQTok/1YFDu2wTmHvBxDLSDrFZavi1ARnUpmKK12g==",
        "dependencies": {
          "Microsoft.Extensions.DependencyInjection.Abstractions": "9.0.13"
        }
      },
      "Microsoft.Extensions.DependencyInjection.Abstractions": {
        "type": "Transitive",
        "resolved": "9.0.13",
        "contentHash": "HyJoV/UcJr71gPs9ot3GFJG2yyYxoBNTvp48xVJn37FRLeJZithg74aUNZQRCJgk0yG6LbgDlXDJJwG3QFnoyQ=="
      },
      "Microsoft.Extensions.Diagnostics": {
        "type": "Transitive",
        "resolved": "9.0.13",
        "contentHash": "ztskgDGcn89+P4i4KrSpSBdPyHKjtPTR8kww9d0VDm1vpa7fCwuR3wH/6399mIhXRI5SbRBDPEL7+NpDXfkgWw==",
        "dependencies": {
          "Microsoft.Extensions.Configuration": "9.0.13",
          "Microsoft.Extensions.Diagnostics.Abstractions": "9.0.13",
          "Microsoft.Extensions.Options.ConfigurationExtensions": "9.0.13"
        }
      },
      "Microsoft.Extensions.Diagnostics.Abstractions": {
        "type": "Transitive",
        "resolved": "9.0.13",
        "contentHash": "ZJkfyLX8Ta/5bE+oEBPskwQIFCAgdbiNwtGz6jcM9lWmr9fzrCWKvFpydbRpBcupZIIhu2iWhGHNupoAP/7B4A==",
        "dependencies": {
          "Microsoft.Extensions.DependencyInjection.Abstractions": "9.0.13",
          "Microsoft.Extensions.Options": "9.0.13"
        }
      },
      "Microsoft.Extensions.Http": {
        "type": "Transitive",
        "resolved": "9.0.13",
        "contentHash": "gOlrmzZBnrnPxwwoavsIJ+d2fz4Z0oqFe0v2m1QuNlXAfZltIqUgzPQp/t5KglgDHoJCv6sJdOzm+aSTOaa4Aw==",
        "dependencies": {
          "Microsoft.Extensions.Configuration.Abstractions": "9.0.13",
          "Microsoft.Extensions.DependencyInjection.Abstractions": "9.0.13",
          "Microsoft.Extensions.Diagnostics": "9.0.13",
          "Microsoft.Extensions.Logging": "9.0.13",
          "Microsoft.Extensions.Logging.Abstractions": "9.0.13",
          "Microsoft.Extensions.Options": "9.0.13"
        }
      },
      "Microsoft.Extensions.Logging": {
        "type": "Transitive",
        "resolved": "9.0.13",
        "contentHash": "4uS8AANHr6xb7qYJA19isxyrqj7T64QEdD39/guUMltwsX1HrlCym9hThGur2n2DJAMrgIxgrmF7q3uBZzHfKA==",
        "dependencies": {
          "Microsoft.Extensions.DependencyInjection": "9.0.13",
          "Microsoft.Extensions.Logging.Abstractions": "9.0.13",
          "Microsoft.Extensions.Options": "9.0.13"
        }
      },
      "Microsoft.Extensions.Logging.Abstractions": {
        "type": "Transitive",
        "resolved": "9.0.13",
        "contentHash": "DjxxzZzkQLRJ6d9FLj7n513UvqYREl0ygN//SYA+N4+QWM1UvSJjpv3+zrlIraUyui0NXRbeJSU/hruR7lTw/g==",
        "dependencies": {
          "Microsoft.Extensions.DependencyInjection.Abstractions": "9.0.13"
        }
      },
      "Microsoft.Extensions.ObjectPool": {
        "type": "Transitive",
        "resolved": "9.0.13",
        "contentHash": "MM0G3cCtn8qFOpHXuiPkvCDZuYU0Cnsgd3ObJ0tPMcXGyBhAjvh50tyGWVmZ4Ea2tQqo7oxqsTlSiP+Ts5xvRg=="
      },
      "Microsoft.Extensions.Options": {
        "type": "Transitive",
        "resolved": "9.0.13",
        "contentHash": "MJ0afZ8YTPr+TQ0qN+vp4U1yqgj3ccIhq/sFkznMX/V/sPadIQuQJRNK9gWXUoJ03AQmAt31TXtSMuRX3IvaUw==",
        "dependencies": {
          "Microsoft.Extensions.DependencyInjection.Abstractions": "9.0.13",
          "Microsoft.Extensions.Primitives": "9.0.13"
        }
      },
      "Microsoft.Extensions.Options.ConfigurationExtensions": {
        "type": "Transitive",
        "resolved": "9.0.13",
        "contentHash": "8YaLJNzd9GVSt8NTQtov287Qi2ma5AakcEtKQD7crp9Zhim7IiG7PcZ6B5UWc2MoZiI5NJG4SZFFyMmcUHfYMQ==",
        "dependencies": {
          "Microsoft.Extensions.Configuration.Abstractions": "9.0.13",
          "Microsoft.Extensions.Configuration.Binder": "9.0.13",
          "Microsoft.Extensions.DependencyInjection.Abstractions": "9.0.13",
          "Microsoft.Extensions.Options": "9.0.13",
          "Microsoft.Extensions.Primitives": "9.0.13"
        }
      },
      "Microsoft.Extensions.Primitives": {
        "type": "Transitive",
        "resolved": "9.0.13",
        "contentHash": "cqzLFZ6rIEX/N1mJAGN8HLqWhlks2G3eYO+9pCShMLqxeBLN7ndS+MbmxiuQiQ0Tj/Q3tVHRWx91n17yLczjmg=="
      },
      "Microsoft.IO.RecyclableMemoryStream": {
        "type": "Transitive",
        "resolved": "3.0.1",
        "contentHash": "s/s20YTVY9r9TPfTrN5g8zPF1YhwxyqO6PxUkrYTGI2B+OGPe9AdajWZrLhFqXIvqIW23fnUE4+ztrUWNU1+9g=="
      },
      "Microsoft.SourceLink.Common": {
        "type": "Transitive",
        "resolved": "10.0.103",
        "contentHash": "cMtGW5/r0ck72Jg2QwZcNTX59z+iB/B1kW84VMa/eX8L19DhHIuIcQjfK0pgLLBxd60Jl0Bj9GUolcM0MnJnZA=="
      },
      "Microsoft.TestPlatform.ObjectModel": {
        "type": "Transitive",
        "resolved": "18.3.0",
        "contentHash": "AEIEX2aWdPO9XbtR96eBaJxmXRD9vaI9uQ1T/JbPEKlTAZwYx0ZrMzKyULMdh/HH9Sg03kXCoN7LszQ90o6nPQ==",
        "dependencies": {
          "System.Reflection.Metadata": "8.0.0"
        }
      },
      "Microsoft.TestPlatform.TestHost": {
        "type": "Transitive",
        "resolved": "18.3.0",
        "contentHash": "twmsoelXnp1uWMU3VGip9f0Jr1mZ0PZqgJdF35CIrdYgYrkHIJMV1m8uKyhcdjLdsQDESHAgkR7KhS9i1qpJag==",
        "dependencies": {
          "Microsoft.TestPlatform.ObjectModel": "18.3.0",
          "Newtonsoft.Json": "13.0.3"
        }
      },
      "Newtonsoft.Json": {
        "type": "Transitive",
        "resolved": "13.0.3",
        "contentHash": "HrC5BXdl00IP9zeV+0Z848QWPAoCr9P3bDEZguI+gkLcBKAOxix/tLEAAHC+UvDNPv4a2d18lOReHMOagPa+zQ=="
      },
      "System.Collections.Immutable": {
        "type": "Transitive",
        "resolved": "8.0.0",
        "contentHash": "AurL6Y5BA1WotzlEvVaIDpqzpIPvYnnldxru8oXJU2yFxFUy3+pNXjXd1ymO+RA0rq0+590Q8gaz2l3Sr7fmqg=="
      },
      "System.Reflection.Metadata": {
        "type": "Transitive",
        "resolved": "8.0.0",
        "contentHash": "ptvgrFh7PvWI8bcVqG5rsA/weWM09EnthFHR5SCnS6IN+P4mj6rE1lBDC4U8HL9/57htKAqy4KQ3bBj84cfYyQ==",
        "dependencies": {
          "System.Collections.Immutable": "8.0.0"
        }
      },
      "xunit.abstractions": {
        "type": "Transitive",
        "resolved": "2.0.3",
        "contentHash": "pot1I4YOxlWjIb5jmwvvQNbTrZ3lJQ+jUGkGjWE3hEFM0l5gOnBWS+H3qsex68s5cO52g+44vpGzhAt+42vwKg=="
      },
      "xunit.assert": {
        "type": "Transitive",
        "resolved": "2.9.3",
        "contentHash": "/Kq28fCE7MjOV42YLVRAJzRF0WmEqsmflm0cfpMjGtzQ2lR5mYVj1/i0Y8uDAOLczkL3/jArrwehfMD0YogMAA=="
      },
      "xunit.core": {
        "type": "Transitive",
        "resolved": "2.9.3",
        "contentHash": "BiAEvqGvyme19wE0wTKdADH+NloYqikiU0mcnmiNyXaF9HyHmE6sr/3DC5vnBkgsWaE6yPyWszKSPSApWdRVeQ==",
        "dependencies": {
          "xunit.extensibility.core": "[2.9.3]",
          "xunit.extensibility.execution": "[2.9.3]"
        }
      },
      "xunit.extensibility.core": {
        "type": "Transitive",
        "resolved": "2.9.3",
        "contentHash": "kf3si0YTn2a8J8eZNb+zFpwfoyvIrQ7ivNk5ZYA5yuYk1bEtMe4DxJ2CF/qsRgmEnDr7MnW1mxylBaHTZ4qErA==",
        "dependencies": {
          "xunit.abstractions": "2.0.3"
        }
      },
      "xunit.extensibility.execution": {
        "type": "Transitive",
        "resolved": "2.9.3",
        "contentHash": "yMb6vMESlSrE3Wfj7V6cjQ3S4TXdXpRqYeNEI3zsX31uTsGMJjEw6oD5F5u1cHnMptjhEECnmZSsPxB6ChZHDQ==",
        "dependencies": {
          "xunit.extensibility.core": "[2.9.3]"
        }
      },
      "escd.extensions.http": {
        "type": "Project",
        "dependencies": {
          "Microsoft.Extensions.Http": "[9.0.13, )",
          "Microsoft.Extensions.ObjectPool": "[9.0.13, )",
          "Microsoft.IO.RecyclableMemoryStream": "[3.0.1, )"
        }
      }
    }
  }
}