<Solution>
  <Folder Name="/benchmark/" />
  <Folder Name="/benchmark/OperationInvoker/">
    <Project Path="benchmark/OperationInvoker/ESCd.Extensions.OperationInvoker.Benchmarks.csproj" />
  </Folder>
  <Folder Name="/src/">
    <Project Path="src/Http/ESCd.Extensions.Http.csproj" />
    <Project Path="src/OperationInvoker/ESCd.Extensions.OperationInvoker.csproj" />
  </Folder>
  <Folder Name="/src/Caching/">
    <Project Path="src/Caching/ESCd.Extensions.Caching.csproj" />
  </Folder>
  <Folder Name="/test/">
    <Project Path="test/Http/ESCd.Extensions.Http.Tests.csproj" />
    <Project Path="test/OperationInvoker/ESCd.Extensions.OperationInvoker.Tests.csproj" />
  </Folder>
</Solution>
