
Microsoft Visual Studio Solution File, Format Version 12.00
# Visual Studio Version 17
VisualStudioVersion = 17.0.31903.59
MinimumVisualStudioVersion = 10.0.40219.1
Project("{FAE04EC0-301F-11D3-BF4B-00C04F79EFBC}") = "ESCd.Extensions.OperationInvoker", "src\ESCd.Extensions.OperationInvoker.csproj", "{2C6BF8D0-63F5-4A3A-A84F-6C402451A7EC}"
EndProject
Project("{FAE04EC0-301F-11D3-BF4B-00C04F79EFBC}") = "ESCd.Extensions.OperationInvoker.Tests", "test\ESCd.Extensions.OperationInvoker.Tests.csproj", "{5F17BC0D-24A8-4179-93BB-CE417164B583}"
EndProject
Global
	GlobalSection(SolutionConfigurationPlatforms) = preSolution
		Debug|Any CPU = Debug|Any CPU
		Release|Any CPU = Release|Any CPU
	EndGlobalSection
	GlobalSection(SolutionProperties) = preSolution
		HideSolutionNode = FALSE
	EndGlobalSection
	GlobalSection(ProjectConfigurationPlatforms) = postSolution
		{2C6BF8D0-63F5-4A3A-A84F-6C402451A7EC}.Debug|Any CPU.ActiveCfg = Debug|Any CPU
		{2C6BF8D0-63F5-4A3A-A84F-6C402451A7EC}.Debug|Any CPU.Build.0 = Debug|Any CPU
		{2C6BF8D0-63F5-4A3A-A84F-6C402451A7EC}.Release|Any CPU.ActiveCfg = Release|Any CPU
		{2C6BF8D0-63F5-4A3A-A84F-6C402451A7EC}.Release|Any CPU.Build.0 = Release|Any CPU
		{5F17BC0D-24A8-4179-93BB-CE417164B583}.Debug|Any CPU.ActiveCfg = Debug|Any CPU
		{5F17BC0D-24A8-4179-93BB-CE417164B583}.Debug|Any CPU.Build.0 = Debug|Any CPU
		{5F17BC0D-24A8-4179-93BB-CE417164B583}.Release|Any CPU.ActiveCfg = Release|Any CPU
		{5F17BC0D-24A8-4179-93BB-CE417164B583}.Release|Any CPU.Build.0 = Release|Any CPU
	EndGlobalSection
EndGlobal
