{
  "version": 1,
  "dependencies": {
    "net9.0": {
      "Microsoft.Extensions.Http": {
        "type": "Direct",
        "requested": "[9.0.16, )",
        "resolved": "9.0.16",
        "contentHash": "+P6FtcEdNccSjRmvkdKHP09xSn5jlvHCKRbK+FWRLbLHmFl/9BDcP8ZTJSqW/Yzf77QPqc8YmxXtRcRb6QGG6w==",
        "dependencies": {
          "Microsoft.Extensions.Configuration.Abstractions": "9.0.16",
          "Microsoft.Extensions.DependencyInjection.Abstractions": "9.0.16",
          "Microsoft.Extensions.Diagnostics": "9.0.16",
          "Microsoft.Extensions.Logging": "9.0.16",
          "Microsoft.Extensions.Logging.Abstractions": "9.0.16",
          "Microsoft.Extensions.Options": "9.0.16"
        }
      },
      "Microsoft.Extensions.ObjectPool": {
        "type": "Direct",
        "requested": "[10.0.8, )",
        "resolved": "10.0.8",
        "contentHash": "aQBFbY8i/dacE0fP+ZJ8Lhx/unYRnGHhtM+tHb46GLkeNjBdOzgFk88sX6BVZBhoa6JrYIOBGYTc5K4WItBsag=="
      },
      "Microsoft.IO.RecyclableMemoryStream": {
        "type": "Direct",
        "requested": "[3.0.1, )",
        "resolved": "3.0.1",
        "contentHash": "s/s20YTVY9r9TPfTrN5g8zPF1YhwxyqO6PxUkrYTGI2B+OGPe9AdajWZrLhFqXIvqIW23fnUE4+ztrUWNU1+9g=="
      },
      "Microsoft.NET.ILLink.Tasks": {
        "type": "Direct",
        "requested": "[9.0.16, )",
        "resolved": "9.0.16",
        "contentHash": "ccPBYGLPJt8DeJTUzQ0JzOh/iuUAgnjayU63PokVywAhUOx+dzDKSPTL7AG94U/VpvNXflTT2AjsFAIF1+bXBw=="
      },
      "Microsoft.SourceLink.GitHub": {
        "type": "Direct",
        "requested": "[10.0.300, )",
        "resolved": "10.0.300",
        "contentHash": "QzCtLkXVb3l4IxcpvJCbzUwMLihAmLN6vVLjQGSzYSF8d2dvXxqJAZk83RV3gYnp2egz8jRMgSR2woY3vOahTA==",
        "dependencies": {
          "Microsoft.Build.Tasks.Git": "10.0.300",
          "Microsoft.SourceLink.Common": "10.0.300",
          "System.IO.Hashing": "10.0.8"
        }
      },
      "MinVer": {
        "type": "Direct",
        "requested": "[7.0.0, )",
        "resolved": "7.0.0",
        "contentHash": "2lMTCQl5bGP4iv0JNkockPnyllC6eHLz+CoK2ICvalvHod+exXSxueu9hq+zNkU7bZBJf8wMfeRC/Edn8AGmEg=="
      },
      "Microsoft.Build.Tasks.Git": {
        "type": "Transitive",
        "resolved": "10.0.300",
        "contentHash": "P0kaQwVZx4xIUe2FtrLyBadYNXuAljttJUPvjBYRuHhPE8L77L42KakLDkaADRiUrGspoLcMwayjrbQhYTr0zA==",
        "dependencies": {
          "System.IO.Hashing": "10.0.8"
        }
      },
      "Microsoft.Extensions.Configuration": {
        "type": "Transitive",
        "resolved": "9.0.16",
        "contentHash": "QetFHhyFfoKjFeZCHl2gLrMFzTfMpy/F805+gYKnZjonG/QvHJNHiP1M8wlziHYqI8qsG/1B8gX6lAUivj202g==",
        "dependencies": {
          "Microsoft.Extensions.Configuration.Abstractions": "9.0.16",
          "Microsoft.Extensions.Primitives": "9.0.16"
        }
      },
      "Microsoft.Extensions.Configuration.Abstractions": {
        "type": "Transitive",
        "resolved": "9.0.16",
        "contentHash": "+Hgfx2NC+lLG7S47DxhASWp9bbCuEPyzO7s/JTJ9DLc0QXpFTBdJVQouoHaqqQCOD+78k+Np+/cSaQdqrhrf5g==",
        "dependencies": {
          "Microsoft.Extensions.Primitives": "9.0.16"
        }
      },
      "Microsoft.Extensions.Configuration.Binder": {
        "type": "Transitive",
        "resolved": "9.0.16",
        "contentHash": "TCDQP8lhJJ2tCINCrgwSzfTPVAHSemXj+awfkY1n6F1qxuojz0kQlUId/21qfN02cosyHHb0fQlJtaJyYn1VYw==",
        "dependencies": {
          "Microsoft.Extensions.Configuration.Abstractions": "9.0.16"
        }
      },
      "Microsoft.Extensions.DependencyInjection": {
        "type": "Transitive",
        "resolved": "9.0.16",
        "contentHash": "ehl4zyK3uUAPX+sQWIzlcavpfWJVb5vl468tI71x5BRzE1Q/1co9OLYmTdEQtVS8qd0GO7RQK/nz6lZha1+Stw==",
        "dependencies": {
          "Microsoft.Extensions.DependencyInjection.Abstractions": "9.0.16"
        }
      },
      "Microsoft.Extensions.DependencyInjection.Abstractions": {
        "type": "Transitive",
        "resolved": "9.0.16",
        "contentHash": "nluyqL58OHcU2M1qFx2QXBa0miA4yUfQBX2J98hHKRrsigtVEJzQYPMDhwDeBaX4qyjI3f3rX+uOsP5lAwPJpg=="
      },
      "Microsoft.Extensions.Diagnostics": {
        "type": "Transitive",
        "resolved": "9.0.16",
        "contentHash": "jWzHYEyzZ2qg2/oest9aw/b3boJ7wnJQIUBj+vJ6S64dGhQkZtQBL5hopc8uNP9Vw0ztmk3TmXHDUa3Oahpfog==",
        "dependencies": {
          "Microsoft.Extensions.Configuration": "9.0.16",
          "Microsoft.Extensions.Diagnostics.Abstractions": "9.0.16",
          "Microsoft.Extensions.Options.ConfigurationExtensions": "9.0.16"
        }
      },
      "Microsoft.Extensions.Diagnostics.Abstractions": {
        "type": "Transitive",
        "resolved": "9.0.16",
        "contentHash": "s3ChbLRrXUOJ9Ar/Ba+3hnOXVXktnvt85OwnqBvNicIZoCWicz7+I5yFCUUw6qs/paKAOmHooLebeJvhFgP7Eg==",
        "dependencies": {
          "Microsoft.Extensions.DependencyInjection.Abstractions": "9.0.16",
          "Microsoft.Extensions.Options": "9.0.16"
        }
      },
      "Microsoft.Extensions.Logging": {
        "type": "Transitive",
        "resolved": "9.0.16",
        "contentHash": "EDI3wGfdlvcOSfYC00NaqW60JibBN7iHlJrrlQwL2cjW+ajDWC+ajGd0oX8iSGNfQRdM8/YMTw4Dk/9xPmpubA==",
        "dependencies": {
          "Microsoft.Extensions.DependencyInjection": "9.0.16",
          "Microsoft.Extensions.Logging.Abstractions": "9.0.16",
          "Microsoft.Extensions.Options": "9.0.16"
        }
      },
      "Microsoft.Extensions.Logging.Abstractions": {
        "type": "Transitive",
        "resolved": "9.0.16",
        "contentHash": "dxeqqtPo1y1HjOKehfGiFWALIVw2dj0pMsPW412ksvKE6k54ZBEQ7/9xAdVpE7Mh5BboJOV58PC7gdATmxKkSA==",
        "dependencies": {
          "Microsoft.Extensions.DependencyInjection.Abstractions": "9.0.16"
        }
      },
      "Microsoft.Extensions.Options": {
        "type": "Transitive",
        "resolved": "9.0.16",
        "contentHash": "y6d58Ua9dJYrEKfcWFoPnA/K8id/WEIpcvAhk5Iu7w3vIBTQNmHhurWKAYuesfuLaZhHEKOXueruRp4l0Y74Vw==",
        "dependencies": {
          "Microsoft.Extensions.DependencyInjection.Abstractions": "9.0.16",
          "Microsoft.Extensions.Primitives": "9.0.16"
        }
      },
      "Microsoft.Extensions.Options.ConfigurationExtensions": {
        "type": "Transitive",
        "resolved": "9.0.16",
        "contentHash": "LVmbIxVIV7wRU3ZQTV+1/cfpJ48fI/95vUNyvy5yT1p73sZFrfIlnoMEYkgqwlaAIpl9w3J/9MwNoLkefidfaw==",
        "dependencies": {
          "Microsoft.Extensions.Configuration.Abstractions": "9.0.16",
          "Microsoft.Extensions.Configuration.Binder": "9.0.16",
          "Microsoft.Extensions.DependencyInjection.Abstractions": "9.0.16",
          "Microsoft.Extensions.Options": "9.0.16",
          "Microsoft.Extensions.Primitives": "9.0.16"
        }
      },
      "Microsoft.Extensions.Primitives": {
        "type": "Transitive",
        "resolved": "9.0.16",
        "contentHash": "w5RE1MR0lnAElsRJaFd2POIXl/H62aBKmfX8ibYmRmbk0JB9V/9jR0VD5NxiP1ETWpnDAnPguTSe7fF/FdsHEQ=="
      },
      "Microsoft.SourceLink.Common": {
        "type": "Transitive",
        "resolved": "10.0.300",
        "contentHash": "0jlkXaUGjYlWTIVPve5MftjKHnT3SlAtq9BCLV4J9IjdPrxV/+4rMlBSjfr1khG8/GC6KGojjola8E1VvWF0qQ=="
      },
      "System.IO.Hashing": {
        "type": "Transitive",
        "resolved": "10.0.8",
        "contentHash": "+dJsbPJ3FyUbTZNplFj0RCKePFizmv6ewDV46JE9q/IVH4c3xTCftHfHelLsAKf0jryIPqgMb5GpS0x7TAY3mg=="
      }
    }
  }
}