{
  "version": 1,
  "dependencies": {
    "net10.0": {
      "Microsoft.CodeAnalysis.NetAnalyzers": {
        "type": "Direct",
        "requested": "[10.0.201, )",
        "resolved": "10.0.201",
        "contentHash": "MTE+F0fj0N8dtfkEGIcX3/rEycMbOf54DXq/n6n8cE6ZfDIPEElY8lc4X5BpZ+c7DBoQDGLG0iBY/W0YZ3nhtw=="
      },
      "Microsoft.Extensions.Caching.Memory": {
        "type": "Direct",
        "requested": "[10.0.5, )",
        "resolved": "10.0.5",
        "contentHash": "jUEXmkBUPdOS/MP9areK/sbKhdklq9+tEhvwfxGalZVnmyLUO5rrheNNutUBtvbZ7J8ECkG7/r2KXi/IFC06cA==",
        "dependencies": {
          "Microsoft.Extensions.Caching.Abstractions": "10.0.5",
          "Microsoft.Extensions.DependencyInjection.Abstractions": "10.0.5",
          "Microsoft.Extensions.Logging.Abstractions": "10.0.5",
          "Microsoft.Extensions.Options": "10.0.5",
          "Microsoft.Extensions.Primitives": "10.0.5"
        }
      },
      "Microsoft.NET.ILLink.Tasks": {
        "type": "Direct",
        "requested": "[10.0.5, )",
        "resolved": "10.0.5",
        "contentHash": "A+5ZuQ0f449tM+MQrhf6R9ZX7lYpjk/ODEwLYKrnF6111rtARx8fVsm4YznUnQiKnnXfaXNBqgxmil6RW3L3SA=="
      },
      "Microsoft.SourceLink.GitHub": {
        "type": "Direct",
        "requested": "[10.0.201, )",
        "resolved": "10.0.201",
        "contentHash": "qxYAmO4ktzd9L+HMdnqWucxpu7bI9undPyACXOMqPyhaiMtbpbYL/n0ACyWIJlbyEJrXFwxiOaBOSasLtDvsCg==",
        "dependencies": {
          "Microsoft.Build.Tasks.Git": "10.0.201",
          "Microsoft.SourceLink.Common": "10.0.201",
          "System.IO.Hashing": "10.0.5"
        }
      },
      "MinVer": {
        "type": "Direct",
        "requested": "[7.0.0, )",
        "resolved": "7.0.0",
        "contentHash": "2lMTCQl5bGP4iv0JNkockPnyllC6eHLz+CoK2ICvalvHod+exXSxueu9hq+zNkU7bZBJf8wMfeRC/Edn8AGmEg=="
      },
      "Microsoft.Build.Tasks.Git": {
        "type": "Transitive",
        "resolved": "10.0.201",
        "contentHash": "DMYBnrFZvLnBKn14VavEuuIr31CY6YY2i2L9P8DorS/Qp6ifRR8ZPLdJCFLFfjikNq8DykbYyLd/RP6lSqHcWw==",
        "dependencies": {
          "System.IO.Hashing": "10.0.5"
        }
      },
      "Microsoft.Extensions.Caching.Abstractions": {
        "type": "Transitive",
        "resolved": "10.0.5",
        "contentHash": "k/QDdQ94/0Shi0KfU+e12m73jfQo+3JpErTtgpZfsCIqkvdEEO0XIx6R+iTbN55rNPaNhOqNY4/sB+jZ8XxVPw==",
        "dependencies": {
          "Microsoft.Extensions.Primitives": "10.0.5"
        }
      },
      "Microsoft.Extensions.DependencyInjection.Abstractions": {
        "type": "Transitive",
        "resolved": "10.0.5",
        "contentHash": "iVMtq9eRvzyhx8949EGT0OCYJfXi737SbRVzWXE5GrOgGj5AaZ9eUuxA/BSUfmOMALKn/g8KfFaNQw0eiB3lyA=="
      },
      "Microsoft.Extensions.Logging.Abstractions": {
        "type": "Transitive",
        "resolved": "10.0.5",
        "contentHash": "9HOdqlDtPptVcmKAjsQ/Nr5Rxfq6FMYLdhvZh1lVmeKR738qeYecQD7+ldooXf+u2KzzR1kafSphWngIM3C6ug==",
        "dependencies": {
          "Microsoft.Extensions.DependencyInjection.Abstractions": "10.0.5"
        }
      },
      "Microsoft.Extensions.Options": {
        "type": "Transitive",
        "resolved": "10.0.5",
        "contentHash": "MDaQMdUplw0AIRhWWmbLA7yQEXaLIHb+9CTroTiNS8OlI0LMXS4LCxtopqauiqGCWlRgJ+xyraVD8t6veRAFbw==",
        "dependencies": {
          "Microsoft.Extensions.DependencyInjection.Abstractions": "10.0.5",
          "Microsoft.Extensions.Primitives": "10.0.5"
        }
      },
      "Microsoft.Extensions.Primitives": {
        "type": "Transitive",
        "resolved": "10.0.5",
        "contentHash": "/HUHJ0tw/LQvD0DZrz50eQy/3z7PfX7WWEaXnjKTV9/TNdcgFlNTZGo49QhS7PTmhDqMyHRMqAXSBxLh0vso4g=="
      },
      "Microsoft.SourceLink.Common": {
        "type": "Transitive",
        "resolved": "10.0.201",
        "contentHash": "QbBYhkjgL6rCnBfDbzsAJLlsad13TlBHqYCFDIw56OO2g6ix+9RsmY8uxiQGdWwFKbZXaXyAA6jDCzFYVGCZDw=="
      },
      "System.IO.Hashing": {
        "type": "Transitive",
        "resolved": "10.0.5",
        "contentHash": "8IBJWcCT9+e4Bmevm4T7+fQEiAh133KGiz4oiVTgJckd3Q76OFdR1falgn9lpz7+C4HJvogCDJeAa2QmvbeVtg=="
      }
    },
    "net8.0": {
      "Microsoft.CodeAnalysis.NetAnalyzers": {
        "type": "Direct",
        "requested": "[10.0.201, )",
        "resolved": "10.0.201",
        "contentHash": "MTE+F0fj0N8dtfkEGIcX3/rEycMbOf54DXq/n6n8cE6ZfDIPEElY8lc4X5BpZ+c7DBoQDGLG0iBY/W0YZ3nhtw=="
      },
      "Microsoft.Extensions.Caching.Memory": {
        "type": "Direct",
        "requested": "[8.0.1, )",
        "resolved": "8.0.1",
        "contentHash": "HFDnhYLccngrzyGgHkjEDU5FMLn4MpOsr5ElgsBMC4yx6lJh4jeWO7fHS8+TXPq+dgxCmUa/Trl8svObmwW4QA==",
        "dependencies": {
          "Microsoft.Extensions.Caching.Abstractions": "8.0.0",
          "Microsoft.Extensions.DependencyInjection.Abstractions": "8.0.2",
          "Microsoft.Extensions.Logging.Abstractions": "8.0.2",
          "Microsoft.Extensions.Options": "8.0.2",
          "Microsoft.Extensions.Primitives": "8.0.0"
        }
      },
      "Microsoft.NET.ILLink.Tasks": {
        "type": "Direct",
        "requested": "[8.0.25, )",
        "resolved": "8.0.25",
        "contentHash": "sqX4nmBft05ivqKvUT4nxaN8rT3apCLt9SWFkfRrQPwra1zPwFknQAw1lleuMCKOCLvVmOWwrC2iPSm9RiXZUg=="
      },
      "Microsoft.SourceLink.GitHub": {
        "type": "Direct",
        "requested": "[10.0.201, )",
        "resolved": "10.0.201",
        "contentHash": "qxYAmO4ktzd9L+HMdnqWucxpu7bI9undPyACXOMqPyhaiMtbpbYL/n0ACyWIJlbyEJrXFwxiOaBOSasLtDvsCg==",
        "dependencies": {
          "Microsoft.Build.Tasks.Git": "10.0.201",
          "Microsoft.SourceLink.Common": "10.0.201",
          "System.IO.Hashing": "10.0.5"
        }
      },
      "MinVer": {
        "type": "Direct",
        "requested": "[7.0.0, )",
        "resolved": "7.0.0",
        "contentHash": "2lMTCQl5bGP4iv0JNkockPnyllC6eHLz+CoK2ICvalvHod+exXSxueu9hq+zNkU7bZBJf8wMfeRC/Edn8AGmEg=="
      },
      "Microsoft.Build.Tasks.Git": {
        "type": "Transitive",
        "resolved": "10.0.201",
        "contentHash": "DMYBnrFZvLnBKn14VavEuuIr31CY6YY2i2L9P8DorS/Qp6ifRR8ZPLdJCFLFfjikNq8DykbYyLd/RP6lSqHcWw==",
        "dependencies": {
          "System.IO.Hashing": "10.0.5"
        }
      },
      "Microsoft.Extensions.Caching.Abstractions": {
        "type": "Transitive",
        "resolved": "8.0.0",
        "contentHash": "3KuSxeHoNYdxVYfg2IRZCThcrlJ1XJqIXkAWikCsbm5C/bCjv7G0WoKDyuR98Q+T607QT2Zl5GsbGRkENcV2yQ==",
        "dependencies": {
          "Microsoft.Extensions.Primitives": "8.0.0"
        }
      },
      "Microsoft.Extensions.DependencyInjection.Abstractions": {
        "type": "Transitive",
        "resolved": "8.0.2",
        "contentHash": "3iE7UF7MQkCv1cxzCahz+Y/guQbTqieyxyaWKhrRO91itI9cOKO76OHeQDahqG4MmW5umr3CcCvGmK92lWNlbg=="
      },
      "Microsoft.Extensions.Logging.Abstractions": {
        "type": "Transitive",
        "resolved": "8.0.2",
        "contentHash": "nroMDjS7hNBPtkZqVBbSiQaQjWRDxITI8Y7XnDs97rqG3EbzVTNLZQf7bIeUJcaHOV8bca47s1Uxq94+2oGdxA==",
        "dependencies": {
          "Microsoft.Extensions.DependencyInjection.Abstractions": "8.0.2"
        }
      },
      "Microsoft.Extensions.Options": {
        "type": "Transitive",
        "resolved": "8.0.2",
        "contentHash": "dWGKvhFybsaZpGmzkGCbNNwBD1rVlWzrZKANLW/CcbFJpCEceMCGzT7zZwHOGBCbwM0SzBuceMj5HN1LKV1QqA==",
        "dependencies": {
          "Microsoft.Extensions.DependencyInjection.Abstractions": "8.0.0",
          "Microsoft.Extensions.Primitives": "8.0.0"
        }
      },
      "Microsoft.Extensions.Primitives": {
        "type": "Transitive",
        "resolved": "8.0.0",
        "contentHash": "bXJEZrW9ny8vjMF1JV253WeLhpEVzFo1lyaZu1vQ4ZxWUlVvknZ/+ftFgVheLubb4eZPSwwxBeqS1JkCOjxd8g=="
      },
      "Microsoft.SourceLink.Common": {
        "type": "Transitive",
        "resolved": "10.0.201",
        "contentHash": "QbBYhkjgL6rCnBfDbzsAJLlsad13TlBHqYCFDIw56OO2g6ix+9RsmY8uxiQGdWwFKbZXaXyAA6jDCzFYVGCZDw=="
      },
      "System.IO.Hashing": {
        "type": "Transitive",
        "resolved": "10.0.5",
        "contentHash": "8IBJWcCT9+e4Bmevm4T7+fQEiAh133KGiz4oiVTgJckd3Q76OFdR1falgn9lpz7+C4HJvogCDJeAa2QmvbeVtg=="
      }
    },
    "net9.0": {
      "Microsoft.CodeAnalysis.NetAnalyzers": {
        "type": "Direct",
        "requested": "[10.0.201, )",
        "resolved": "10.0.201",
        "contentHash": "MTE+F0fj0N8dtfkEGIcX3/rEycMbOf54DXq/n6n8cE6ZfDIPEElY8lc4X5BpZ+c7DBoQDGLG0iBY/W0YZ3nhtw=="
      },
      "Microsoft.Extensions.Caching.Memory": {
        "type": "Direct",
        "requested": "[9.0.14, )",
        "resolved": "9.0.14",
        "contentHash": "VoOzKJaoQZ0pe9RKKEunAO5v37HA/WWBxxiYIOThmHb+OnQPk/+ZvdR5zcbF0XedIUK/agAYORkrb08AQ4ywrQ==",
        "dependencies": {
          "Microsoft.Extensions.Caching.Abstractions": "9.0.14",
          "Microsoft.Extensions.DependencyInjection.Abstractions": "9.0.14",
          "Microsoft.Extensions.Logging.Abstractions": "9.0.14",
          "Microsoft.Extensions.Options": "9.0.14",
          "Microsoft.Extensions.Primitives": "9.0.14"
        }
      },
      "Microsoft.NET.ILLink.Tasks": {
        "type": "Direct",
        "requested": "[9.0.14, )",
        "resolved": "9.0.14",
        "contentHash": "+MeWjj5sGq6Oj/l0E9RPMgXDyCIPxczzCbGuvuVTZFEGiy2S/atsfoAoKUnkEin/GeGpN+HenCzRmiQKSc99eQ=="
      },
      "Microsoft.SourceLink.GitHub": {
        "type": "Direct",
        "requested": "[10.0.201, )",
        "resolved": "10.0.201",
        "contentHash": "qxYAmO4ktzd9L+HMdnqWucxpu7bI9undPyACXOMqPyhaiMtbpbYL/n0ACyWIJlbyEJrXFwxiOaBOSasLtDvsCg==",
        "dependencies": {
          "Microsoft.Build.Tasks.Git": "10.0.201",
          "Microsoft.SourceLink.Common": "10.0.201",
          "System.IO.Hashing": "10.0.5"
        }
      },
      "MinVer": {
        "type": "Direct",
        "requested": "[7.0.0, )",
        "resolved": "7.0.0",
        "contentHash": "2lMTCQl5bGP4iv0JNkockPnyllC6eHLz+CoK2ICvalvHod+exXSxueu9hq+zNkU7bZBJf8wMfeRC/Edn8AGmEg=="
      },
      "Microsoft.Build.Tasks.Git": {
        "type": "Transitive",
        "resolved": "10.0.201",
        "contentHash": "DMYBnrFZvLnBKn14VavEuuIr31CY6YY2i2L9P8DorS/Qp6ifRR8ZPLdJCFLFfjikNq8DykbYyLd/RP6lSqHcWw==",
        "dependencies": {
          "System.IO.Hashing": "10.0.5"
        }
      },
      "Microsoft.Extensions.Caching.Abstractions": {
        "type": "Transitive",
        "resolved": "9.0.14",
        "contentHash": "fnHxSqrDnPRTO/AbHR6N5mZOY9NmP14rx8aZiresGF27ypqH+J8ZEgXsiXbHVe8az2IGrZWP2a+uNUGBlzVlHQ==",
        "dependencies": {
          "Microsoft.Extensions.Primitives": "9.0.14"
        }
      },
      "Microsoft.Extensions.DependencyInjection.Abstractions": {
        "type": "Transitive",
        "resolved": "9.0.14",
        "contentHash": "LezJ0enh6upO5EnPwACOZc/DdT1A8lvX6HPl/0rbe0eGt9rTDDPfx+Ny9OYZqf4g25Y3hOfWBQtRfMzueINNVQ=="
      },
      "Microsoft.Extensions.Logging.Abstractions": {
        "type": "Transitive",
        "resolved": "9.0.14",
        "contentHash": "uodlxeHHtvEgrAXzHa5T+ESnQhxCk/QSONpiabWjZ8Hn+PcMkXtmbX8YkL1XcFGHqj7hZXUAe2pq7gBptPTz2Q==",
        "dependencies": {
          "Microsoft.Extensions.DependencyInjection.Abstractions": "9.0.14"
        }
      },
      "Microsoft.Extensions.Options": {
        "type": "Transitive",
        "resolved": "9.0.14",
        "contentHash": "hwn0jONblkFl4k5qcDBKuE/BrLxgBN9OOttnoIRsJgDlsxhwuGoVaHJtWdpTg8adDRMlgMrgeuv8WjMG7UnfUg==",
        "dependencies": {
          "Microsoft.Extensions.DependencyInjection.Abstractions": "9.0.14",
          "Microsoft.Extensions.Primitives": "9.0.14"
        }
      },
      "Microsoft.Extensions.Primitives": {
        "type": "Transitive",
        "resolved": "9.0.14",
        "contentHash": "1bP1fEv6MdXvX4TsxrT94AE2aOIPI9p0xgVsxUliB91wDXHUwbBHV1hXKbfu0ZHEdBuYEusyTVoUwUXp71fh8w=="
      },
      "Microsoft.SourceLink.Common": {
        "type": "Transitive",
        "resolved": "10.0.201",
        "contentHash": "QbBYhkjgL6rCnBfDbzsAJLlsad13TlBHqYCFDIw56OO2g6ix+9RsmY8uxiQGdWwFKbZXaXyAA6jDCzFYVGCZDw=="
      },
      "System.IO.Hashing": {
        "type": "Transitive",
        "resolved": "10.0.5",
        "contentHash": "8IBJWcCT9+e4Bmevm4T7+fQEiAh133KGiz4oiVTgJckd3Q76OFdR1falgn9lpz7+C4HJvogCDJeAa2QmvbeVtg=="
      }
    }
  }
}